
Microsoft Visual Studio Solution File, Format Version 12.00
# Visual Studio Version 17
VisualStudioVersion = 17.11.35303.130
MinimumVisualStudioVersion = 10.0.40219.1
Project("{FAE04EC0-301F-11D3-BF4B-00C04F79EFBC}") = "_Timonthy_深入浅出WPF", "_Timonthy_深入浅出WPF\_Timonthy_深入浅出WPF.csproj", "{FA2589B3-2060-44AF-95F4-90F3738045C8}"
EndProject
Project("{FAE04EC0-301F-11D3-BF4B-00C04F79EFBC}") = "ControlLibrary", "ControlLibrary\ControlLibrary.csproj", "{F8A13A5C-95A9-4A3C-BBA3-7108AA54043B}"
EndProject
Project("{FAE04EC0-301F-11D3-BF4B-00C04F79EFBC}") = "Lesson_05_MVVM", "Lesson_05_MVVM\Lesson_05_MVVM.csproj", "{182C2D5A-6246-494B-BD4E-8736E6C183E9}"
EndProject
Global
	GlobalSection(SolutionConfigurationPlatforms) = preSolution
		Debug|Any CPU = Debug|Any CPU
		Release|Any CPU = Release|Any CPU
	EndGlobalSection
	GlobalSection(ProjectConfigurationPlatforms) = postSolution
		{FA2589B3-2060-44AF-95F4-90F3738045C8}.Debug|Any CPU.ActiveCfg = Debug|Any CPU
		{FA2589B3-2060-44AF-95F4-90F3738045C8}.Debug|Any CPU.Build.0 = Debug|Any CPU
		{FA2589B3-2060-44AF-95F4-90F3738045C8}.Release|Any CPU.ActiveCfg = Release|Any CPU
		{FA2589B3-2060-44AF-95F4-90F3738045C8}.Release|Any CPU.Build.0 = Release|Any CPU
		{F8A13A5C-95A9-4A3C-BBA3-7108AA54043B}.Debug|Any CPU.ActiveCfg = Debug|Any CPU
		{F8A13A5C-95A9-4A3C-BBA3-7108AA54043B}.Debug|Any CPU.Build.0 = Debug|Any CPU
		{F8A13A5C-95A9-4A3C-BBA3-7108AA54043B}.Release|Any CPU.ActiveCfg = Release|Any CPU
		{F8A13A5C-95A9-4A3C-BBA3-7108AA54043B}.Release|Any CPU.Build.0 = Release|Any CPU
		{182C2D5A-6246-494B-BD4E-8736E6C183E9}.Debug|Any CPU.ActiveCfg = Debug|Any CPU
		{182C2D5A-6246-494B-BD4E-8736E6C183E9}.Debug|Any CPU.Build.0 = Debug|Any CPU
		{182C2D5A-6246-494B-BD4E-8736E6C183E9}.Release|Any CPU.ActiveCfg = Release|Any CPU
		{182C2D5A-6246-494B-BD4E-8736E6C183E9}.Release|Any CPU.Build.0 = Release|Any CPU
	EndGlobalSection
	GlobalSection(SolutionProperties) = preSolution
		HideSolutionNode = FALSE
	EndGlobalSection
	GlobalSection(ExtensibilityGlobals) = postSolution
		SolutionGuid = {4EABF1EE-92CA-4CD8-96D8-805F4B9C301A}
	EndGlobalSection
EndGlobal
